// !$*UTF8*$!
{
	archiveVersion = 1;
	classes = {
	};
	objectVersion = 46;
	objects = {

/* Begin PBXBuildFile section */
		0721261E1AABF7400036CEFA /* OnlineServices.m in Sources */ = {isa = PBXBuildFile; fileRef = 0721261D1AABF7400036CEFA /* OnlineServices.m */; };
		072126221AABFAC70036CEFA /* WebViewScreen.m in Sources */ = {isa = PBXBuildFile; fileRef = 072126211AABFAC70036CEFA /* WebViewScreen.m */; };
		07329FE91ABBC9200069B235 /* AncillaryServicesHomePage.m in Sources */ = {isa = PBXBuildFile; fileRef = 07329FE81ABBC9200069B235 /* AncillaryServicesHomePage.m */; };
		07329FED1ABBCCFD0069B235 /* LibraryHomePage.m in Sources */ = {isa = PBXBuildFile; fileRef = 07329FEC1ABBCCFD0069B235 /* LibraryHomePage.m */; };
		0741D8BF1AA66E0200370808 /* main.m in Sources */ = {isa = PBXBuildFile; fileRef = 0741D8BE1AA66E0200370808 /* main.m */; };
		0741D8C21AA66E0200370808 /* AppDelegate.m in Sources */ = {isa = PBXBuildFile; fileRef = 0741D8C11AA66E0200370808 /* AppDelegate.m */; };
		0741D8C51AA66E0200370808 /* MapViewController.m in Sources */ = {isa = PBXBuildFile; fileRef = 0741D8C41AA66E0200370808 /* MapViewController.m */; };
		0741D8C81AA66E0200370808 /* Main.storyboard in Resources */ = {isa = PBXBuildFile; fileRef = 0741D8C61AA66E0200370808 /* Main.storyboard */; };
		0741D8CA1AA66E0200370808 /* Images.xcassets in Resources */ = {isa = PBXBuildFile; fileRef = 0741D8C91AA66E0200370808 /* Images.xcassets */; };
		0741D8CD1AA66E0200370808 /* LaunchScreen.xib in Resources */ = {isa = PBXBuildFile; fileRef = 0741D8CB1AA66E0200370808 /* LaunchScreen.xib */; };
		0741D8D91AA66E0200370808 /* SFUPATests.m in Sources */ = {isa = PBXBuildFile; fileRef = 0741D8D81AA66E0200370808 /* SFUPATests.m */; };
		07655F191AA9135A003BB634 /* GoogleMaps.framework in Frameworks */ = {isa = PBXBuildFile; fileRef = 07655F181AA9135A003BB634 /* GoogleMaps.framework */; };
		07655F1B1AA91430003BB634 /* GoogleMaps.bundle in Resources */ = {isa = PBXBuildFile; fileRef = 07655F1A1AA91430003BB634 /* GoogleMaps.bundle */; };
		07655F1D1AA91B36003BB634 /* ic_refresh_48px-128.png in Resources */ = {isa = PBXBuildFile; fileRef = 07655F1C1AA91B36003BB634 /* ic_refresh_48px-128.png */; };
		07655F1F1AA92C64003BB634 /* AQ.txt in Resources */ = {isa = PBXBuildFile; fileRef = 07655F1E1AA92C64003BB634 /* AQ.txt */; };
		077C0C931AA9088E000449D0 /* acadamic service icon.jpg in Resources */ = {isa = PBXBuildFile; fileRef = 077C0C8C1AA9088E000449D0 /* acadamic service icon.jpg */; };
		077C0C941AA9088E000449D0 /* ancillary icon.jpg in Resources */ = {isa = PBXBuildFile; fileRef = 077C0C8D1AA9088E000449D0 /* ancillary icon.jpg */; };
		077C0C951AA9088E000449D0 /* campus information icon.jpg in Resources */ = {isa = PBXBuildFile; fileRef = 077C0C8E1AA9088E000449D0 /* campus information icon.jpg */; };
		077C0C961AA9088E000449D0 /* information button.png in Resources */ = {isa = PBXBuildFile; fileRef = 077C0C8F1AA9088E000449D0 /* information button.png */; };
		077C0C971AA9088E000449D0 /* map icon.jpg in Resources */ = {isa = PBXBuildFile; fileRef = 077C0C901AA9088E000449D0 /* map icon.jpg */; };
		077C0C981AA9088E000449D0 /* news icon.jpg in Resources */ = {isa = PBXBuildFile; fileRef = 077C0C911AA9088E000449D0 /* news icon.jpg */; };
		077C0C991AA9088E000449D0 /* transit icon.jpg in Resources */ = {isa = PBXBuildFile; fileRef = 077C0C921AA9088E000449D0 /* transit icon.jpg */; };
		077C0C9F1AA90BFD000449D0 /* SystemConfiguration.framework in Frameworks */ = {isa = PBXBuildFile; fileRef = 077C0C9E1AA90BFD000449D0 /* SystemConfiguration.framework */; };
		077C0CA11AA90C06000449D0 /* QuartzCore.framework in Frameworks */ = {isa = PBXBuildFile; fileRef = 077C0CA01AA90C06000449D0 /* QuartzCore.framework */; };
		077C0CA31AA90C10000449D0 /* OpenGLES.framework in Frameworks */ = {isa = PBXBuildFile; fileRef = 077C0CA21AA90C10000449D0 /* OpenGLES.framework */; };
		077C0CA51AA90C19000449D0 /* libz.dylib in Frameworks */ = {isa = PBXBuildFile; fileRef = 077C0CA41AA90C19000449D0 /* libz.dylib */; };
		077C0CA71AA90C22000449D0 /* libicucore.dylib in Frameworks */ = {isa = PBXBuildFile; fileRef = 077C0CA61AA90C22000449D0 /* libicucore.dylib */; };
		077C0CA91AA90C32000449D0 /* libc++.dylib in Frameworks */ = {isa = PBXBuildFile; fileRef = 077C0CA81AA90C32000449D0 /* libc++.dylib */; };
		077C0CAB1AA90C3B000449D0 /* ImageIO.framework in Frameworks */ = {isa = PBXBuildFile; fileRef = 077C0CAA1AA90C3B000449D0 /* ImageIO.framework */; };
		077C0CAD1AA90C42000449D0 /* GLKit.framework in Frameworks */ = {isa = PBXBuildFile; fileRef = 077C0CAC1AA90C42000449D0 /* GLKit.framework */; };
		077C0CAF1AA90C4D000449D0 /* CoreText.framework in Frameworks */ = {isa = PBXBuildFile; fileRef = 077C0CAE1AA90C4D000449D0 /* CoreText.framework */; };
		077C0CB11AA90C55000449D0 /* CoreLocation.framework in Frameworks */ = {isa = PBXBuildFile; fileRef = 077C0CB01AA90C55000449D0 /* CoreLocation.framework */; };
		077C0CB31AA90C5E000449D0 /* CoreData.framework in Frameworks */ = {isa = PBXBuildFile; fileRef = 077C0CB21AA90C5E000449D0 /* CoreData.framework */; };
		077C0CB51AA90C66000449D0 /* AVFoundation.framework in Frameworks */ = {isa = PBXBuildFile; fileRef = 077C0CB41AA90C66000449D0 /* AVFoundation.framework */; };
		079FF3711ABBD57B0010912F /* AvailableLaptop.m in Sources */ = {isa = PBXBuildFile; fileRef = 079FF3701ABBD57B0010912F /* AvailableLaptop.m */; };
		079FF3741ABBF6560010912F /* LibraryWebsite.m in Sources */ = {isa = PBXBuildFile; fileRef = 079FF3731ABBF6560010912F /* LibraryWebsite.m */; };
		079FF3771ABBFE1A0010912F /* LibraryHours.m in Sources */ = {isa = PBXBuildFile; fileRef = 079FF3761ABBFE1A0010912F /* LibraryHours.m */; };
		0F34D4801ABCBFE500846A0C /* buslist.m in Sources */ = {isa = PBXBuildFile; fileRef = 0F34D47B1ABCBFE500846A0C /* buslist.m */; };
		0F34D4811ABCBFE500846A0C /* SearchController.m in Sources */ = {isa = PBXBuildFile; fileRef = 0F34D47D1ABCBFE500846A0C /* SearchController.m */; };
		0F34D4821ABCBFE500846A0C /* ViewController.m in Sources */ = {isa = PBXBuildFile; fileRef = 0F34D47F1ABCBFE500846A0C /* ViewController.m */; };
		0F34D4871ABD5D9300846A0C /* 135.png in Resources */ = {isa = PBXBuildFile; fileRef = 0F34D4831ABD5D9300846A0C /* 135.png */; };
		0F34D4881ABD5D9300846A0C /* 143.png in Resources */ = {isa = PBXBuildFile; fileRef = 0F34D4841ABD5D9300846A0C /* 143.png */; };
		0F34D4891ABD5D9300846A0C /* 144.png in Resources */ = {isa = PBXBuildFile; fileRef = 0F34D4851ABD5D9300846A0C /* 144.png */; };
		0F34D48A1ABD5D9300846A0C /* 145.png in Resources */ = {isa = PBXBuildFile; fileRef = 0F34D4861ABD5D9300846A0C /* 145.png */; };
		0F7D97D71AB355C700681B5F /* background.png in Resources */ = {isa = PBXBuildFile; fileRef = 0F7D97D61AB355C700681B5F /* background.png */; };
		0F7D97D91AB3560D00681B5F /* thumb-button.png in Resources */ = {isa = PBXBuildFile; fileRef = 0F7D97D81AB3560D00681B5F /* thumb-button.png */; };
		0F7D97DC1AB35B2200681B5F /* info-2.png in Resources */ = {isa = PBXBuildFile; fileRef = 0F7D97DA1AB35B2200681B5F /* info-2.png */; };
		0F7D97DD1AB35B2200681B5F /* Login background.png in Resources */ = {isa = PBXBuildFile; fileRef = 0F7D97DB1AB35B2200681B5F /* Login background.png */; };
		0FF7F3031AAA2F8F004CF1F6 /* arrow-down-01-128.png in Resources */ = {isa = PBXBuildFile; fileRef = 0FF7F2FF1AAA2F8F004CF1F6 /* arrow-down-01-128.png */; };
		0FF7F3041AAA2F8F004CF1F6 /* arrow-left-01-128.png in Resources */ = {isa = PBXBuildFile; fileRef = 0FF7F3001AAA2F8F004CF1F6 /* arrow-left-01-128.png */; };
		0FF7F3051AAA2F8F004CF1F6 /* arrow-up-01-128.png in Resources */ = {isa = PBXBuildFile; fileRef = 0FF7F3011AAA2F8F004CF1F6 /* arrow-up-01-128.png */; };
		0FF7F3061AAA2F8F004CF1F6 /* refresh-128.png in Resources */ = {isa = PBXBuildFile; fileRef = 0FF7F3021AAA2F8F004CF1F6 /* refresh-128.png */; };
		0FF7F30A1AACF590004CF1F6 /* refresh.png in Resources */ = {isa = PBXBuildFile; fileRef = 0FF7F3091AACF590004CF1F6 /* refresh.png */; };
		0FF7F3141AACF989004CF1F6 /* cancel.png in Resources */ = {isa = PBXBuildFile; fileRef = 0FF7F3111AACF989004CF1F6 /* cancel.png */; };
		0FF7F3191AACFADA004CF1F6 /* forward.png in Resources */ = {isa = PBXBuildFile; fileRef = 0FF7F3171AACFADA004CF1F6 /* forward.png */; };
		0FF7F31A1AACFADA004CF1F6 /* previous.png in Resources */ = {isa = PBXBuildFile; fileRef = 0FF7F3181AACFADA004CF1F6 /* previous.png */; };
		0FF7F31C1AACFE60004CF1F6 /* online.png in Resources */ = {isa = PBXBuildFile; fileRef = 0FF7F31B1AACFE60004CF1F6 /* online.png */; };
		57F7E1871AAD72E300264795 /* wayfind.txt in Resources */ = {isa = PBXBuildFile; fileRef = 57F7E1861AAD72E300264795 /* wayfind.txt */; };
		CE1CD6EC1ABD3B7D0075FD1C /* CourseViewController.m in Sources */ = {isa = PBXBuildFile; fileRef = CE1CD6EB1ABD3B7D0075FD1C /* CourseViewController.m */; };
		CE1CD6EF1ABD3BF40075FD1C /* CourseManager.m in Sources */ = {isa = PBXBuildFile; fileRef = CE1CD6EE1ABD3BF40075FD1C /* CourseManager.m */; };
		CE278B3A1AAC6D2A00B62E83 /* ViewController.m in Sources */ = {isa = PBXBuildFile; fileRef = EDD2DD5F1AAC56010045A485 /* ViewController.m */; };
		CE29362A1AAC508000E6011A /* logout.png in Resources */ = {isa = PBXBuildFile; fileRef = CE2936291AAC508000E6011A /* logout.png */; };
		CEC5AF5D1AAB34800068B400 /* LoginManager.m in Sources */ = {isa = PBXBuildFile; fileRef = CEC5AF5A1AAB34800068B400 /* LoginManager.m */; };
		CEC5AF5E1AAB34800068B400 /* LoginViewController.m in Sources */ = {isa = PBXBuildFile; fileRef = CEC5AF5C1AAB34800068B400 /* LoginViewController.m */; };
		ED40EB5F1AAD6636007B0494 /* cute-cat.jpg in Resources */ = {isa = PBXBuildFile; fileRef = ED40EB5E1AAD6636007B0494 /* cute-cat.jpg */; };
		EDD2DD5A1AAC55880045A485 /* iCarousel.m in Sources */ = {isa = PBXBuildFile; fileRef = EDD2DD591AAC55880045A485 /* iCarousel.m */; };
		EDD2DD621AAC58000045A485 /* Default-568h@2x.png in Resources */ = {isa = PBXBuildFile; fileRef = EDD2DD611AAC58000045A485 /* Default-568h@2x.png */; };
/* End PBXBuildFile section */

/* Begin PBXContainerItemProxy section */
		0741D8D31AA66E0200370808 /* PBXContainerItemProxy */ = {
			isa = PBXContainerItemProxy;
			containerPortal = 0741D8B11AA66E0200370808 /* Project object */;
			proxyType = 1;
			remoteGlobalIDString = 0741D8B81AA66E0200370808;
			remoteInfo = SFUPA;
		};
/* End PBXContainerItemProxy section */

/* Begin PBXFileReference section */
		0721261D1AABF7400036CEFA /* OnlineServices.m */ = {isa = PBXFileReference; fileEncoding = 4; lastKnownFileType = sourcecode.c.objc; path = OnlineServices.m; sourceTree = "<group>"; };
		072126201AABF7760036CEFA /* OnlineServices.h */ = {isa = PBXFileReference; fileEncoding = 4; lastKnownFileType = sourcecode.c.h; path = OnlineServices.h; sourceTree = "<group>"; };
		072126211AABFAC70036CEFA /* WebViewScreen.m */ = {isa = PBXFileReference; fileEncoding = 4; lastKnownFileType = sourcecode.c.objc; path = WebViewScreen.m; sourceTree = "<group>"; };
		072126231AABFAD60036CEFA /* WebViewScreen.h */ = {isa = PBXFileReference; fileEncoding = 4; lastKnownFileType = sourcecode.c.h; path = WebViewScreen.h; sourceTree = "<group>"; };
		07329FE81ABBC9200069B235 /* AncillaryServicesHomePage.m */ = {isa = PBXFileReference; fileEncoding = 4; lastKnownFileType = sourcecode.c.objc; path = AncillaryServicesHomePage.m; sourceTree = "<group>"; };
		07329FEA1ABBC9350069B235 /* AncillaryServicesHomePage.h */ = {isa = PBXFileReference; fileEncoding = 4; lastKnownFileType = sourcecode.c.h; path = AncillaryServicesHomePage.h; sourceTree = "<group>"; };
		07329FEC1ABBCCFD0069B235 /* LibraryHomePage.m */ = {isa = PBXFileReference; fileEncoding = 4; lastKnownFileType = sourcecode.c.objc; path = LibraryHomePage.m; sourceTree = "<group>"; };
		07329FEE1ABBCD070069B235 /* LibraryHomePage.h */ = {isa = PBXFileReference; fileEncoding = 4; lastKnownFileType = sourcecode.c.h; path = LibraryHomePage.h; sourceTree = "<group>"; };
		0741D8B91AA66E0200370808 /* SFUPA.app */ = {isa = PBXFileReference; explicitFileType = wrapper.application; includeInIndex = 0; path = SFUPA.app; sourceTree = BUILT_PRODUCTS_DIR; };
		0741D8BD1AA66E0200370808 /* Info.plist */ = {isa = PBXFileReference; lastKnownFileType = text.plist.xml; path = Info.plist; sourceTree = "<group>"; };
		0741D8BE1AA66E0200370808 /* main.m */ = {isa = PBXFileReference; lastKnownFileType = sourcecode.c.objc; path = main.m; sourceTree = "<group>"; };
		0741D8C01AA66E0200370808 /* AppDelegate.h */ = {isa = PBXFileReference; lastKnownFileType = sourcecode.c.h; path = AppDelegate.h; sourceTree = "<group>"; };
		0741D8C11AA66E0200370808 /* AppDelegate.m */ = {isa = PBXFileReference; lastKnownFileType = sourcecode.c.objc; path = AppDelegate.m; sourceTree = "<group>"; };
		0741D8C31AA66E0200370808 /* MapViewController.h */ = {isa = PBXFileReference; lastKnownFileType = sourcecode.c.h; path = MapViewController.h; sourceTree = "<group>"; };
		0741D8C41AA66E0200370808 /* MapViewController.m */ = {isa = PBXFileReference; lastKnownFileType = sourcecode.c.objc; path = MapViewController.m; sourceTree = "<group>"; };
		0741D8C71AA66E0200370808 /* Base */ = {isa = PBXFileReference; lastKnownFileType = file.storyboard; name = Base; path = Base.lproj/Main.storyboard; sourceTree = "<group>"; };
		0741D8C91AA66E0200370808 /* Images.xcassets */ = {isa = PBXFileReference; lastKnownFileType = folder.assetcatalog; path = Images.xcassets; sourceTree = "<group>"; };
		0741D8CC1AA66E0200370808 /* Base */ = {isa = PBXFileReference; lastKnownFileType = file.xib; name = Base; path = Base.lproj/LaunchScreen.xib; sourceTree = "<group>"; };
		0741D8D21AA66E0200370808 /* SFUPATests.xctest */ = {isa = PBXFileReference; explicitFileType = wrapper.cfbundle; includeInIndex = 0; path = SFUPATests.xctest; sourceTree = BUILT_PRODUCTS_DIR; };
		0741D8D71AA66E0200370808 /* Info.plist */ = {isa = PBXFileReference; lastKnownFileType = text.plist.xml; path = Info.plist; sourceTree = "<group>"; };
		0741D8D81AA66E0200370808 /* SFUPATests.m */ = {isa = PBXFileReference; lastKnownFileType = sourcecode.c.objc; path = SFUPATests.m; sourceTree = "<group>"; };
		07655F181AA9135A003BB634 /* GoogleMaps.framework */ = {isa = PBXFileReference; lastKnownFileType = wrapper.framework; path = GoogleMaps.framework; sourceTree = "<group>"; };
		07655F1A1AA91430003BB634 /* GoogleMaps.bundle */ = {isa = PBXFileReference; lastKnownFileType = "wrapper.plug-in"; path = GoogleMaps.bundle; sourceTree = "<group>"; };
		07655F1C1AA91B36003BB634 /* ic_refresh_48px-128.png */ = {isa = PBXFileReference; lastKnownFileType = image.png; path = "ic_refresh_48px-128.png"; sourceTree = "<group>"; };
		07655F1E1AA92C64003BB634 /* AQ.txt */ = {isa = PBXFileReference; fileEncoding = 4; lastKnownFileType = text; path = AQ.txt; sourceTree = "<group>"; };
		077C0C8C1AA9088E000449D0 /* acadamic service icon.jpg */ = {isa = PBXFileReference; lastKnownFileType = image.jpeg; path = "acadamic service icon.jpg"; sourceTree = "<group>"; };
		077C0C8D1AA9088E000449D0 /* ancillary icon.jpg */ = {isa = PBXFileReference; lastKnownFileType = image.jpeg; path = "ancillary icon.jpg"; sourceTree = "<group>"; };
		077C0C8E1AA9088E000449D0 /* campus information icon.jpg */ = {isa = PBXFileReference; lastKnownFileType = image.jpeg; path = "campus information icon.jpg"; sourceTree = "<group>"; };
		077C0C8F1AA9088E000449D0 /* information button.png */ = {isa = PBXFileReference; lastKnownFileType = image.png; path = "information button.png"; sourceTree = "<group>"; };
		077C0C901AA9088E000449D0 /* map icon.jpg */ = {isa = PBXFileReference; lastKnownFileType = image.jpeg; path = "map icon.jpg"; sourceTree = "<group>"; };
		077C0C911AA9088E000449D0 /* news icon.jpg */ = {isa = PBXFileReference; lastKnownFileType = image.jpeg; path = "news icon.jpg"; sourceTree = "<group>"; };
		077C0C921AA9088E000449D0 /* transit icon.jpg */ = {isa = PBXFileReference; lastKnownFileType = image.jpeg; path = "transit icon.jpg"; sourceTree = "<group>"; };
		077C0C9E1AA90BFD000449D0 /* SystemConfiguration.framework */ = {isa = PBXFileReference; lastKnownFileType = wrapper.framework; name = SystemConfiguration.framework; path = System/Library/Frameworks/SystemConfiguration.framework; sourceTree = SDKROOT; };
		077C0CA01AA90C06000449D0 /* QuartzCore.framework */ = {isa = PBXFileReference; lastKnownFileType = wrapper.framework; name = QuartzCore.framework; path = System/Library/Frameworks/QuartzCore.framework; sourceTree = SDKROOT; };
		077C0CA21AA90C10000449D0 /* OpenGLES.framework */ = {isa = PBXFileReference; lastKnownFileType = wrapper.framework; name = OpenGLES.framework; path = System/Library/Frameworks/OpenGLES.framework; sourceTree = SDKROOT; };
		077C0CA41AA90C19000449D0 /* libz.dylib */ = {isa = PBXFileReference; lastKnownFileType = "compiled.mach-o.dylib"; name = libz.dylib; path = usr/lib/libz.dylib; sourceTree = SDKROOT; };
		077C0CA61AA90C22000449D0 /* libicucore.dylib */ = {isa = PBXFileReference; lastKnownFileType = "compiled.mach-o.dylib"; name = libicucore.dylib; path = usr/lib/libicucore.dylib; sourceTree = SDKROOT; };
		077C0CA81AA90C32000449D0 /* libc++.dylib */ = {isa = PBXFileReference; lastKnownFileType = "compiled.mach-o.dylib"; name = "libc++.dylib"; path = "usr/lib/libc++.dylib"; sourceTree = SDKROOT; };
		077C0CAA1AA90C3B000449D0 /* ImageIO.framework */ = {isa = PBXFileReference; lastKnownFileType = wrapper.framework; name = ImageIO.framework; path = System/Library/Frameworks/ImageIO.framework; sourceTree = SDKROOT; };
		077C0CAC1AA90C42000449D0 /* GLKit.framework */ = {isa = PBXFileReference; lastKnownFileType = wrapper.framework; name = GLKit.framework; path = System/Library/Frameworks/GLKit.framework; sourceTree = SDKROOT; };
		077C0CAE1AA90C4D000449D0 /* CoreText.framework */ = {isa = PBXFileReference; lastKnownFileType = wrapper.framework; name = CoreText.framework; path = System/Library/Frameworks/CoreText.framework; sourceTree = SDKROOT; };
		077C0CB01AA90C55000449D0 /* CoreLocation.framework */ = {isa = PBXFileReference; lastKnownFileType = wrapper.framework; name = CoreLocation.framework; path = System/Library/Frameworks/CoreLocation.framework; sourceTree = SDKROOT; };
		077C0CB21AA90C5E000449D0 /* CoreData.framework */ = {isa = PBXFileReference; lastKnownFileType = wrapper.framework; name = CoreData.framework; path = System/Library/Frameworks/CoreData.framework; sourceTree = SDKROOT; };
		077C0CB41AA90C66000449D0 /* AVFoundation.framework */ = {isa = PBXFileReference; lastKnownFileType = wrapper.framework; name = AVFoundation.framework; path = System/Library/Frameworks/AVFoundation.framework; sourceTree = SDKROOT; };
		079FF3701ABBD57B0010912F /* AvailableLaptop.m */ = {isa = PBXFileReference; fileEncoding = 4; lastKnownFileType = sourcecode.c.objc; path = AvailableLaptop.m; sourceTree = "<group>"; };
		079FF3721ABBD5840010912F /* AvailableLaptop.h */ = {isa = PBXFileReference; fileEncoding = 4; lastKnownFileType = sourcecode.c.h; path = AvailableLaptop.h; sourceTree = "<group>"; };
		079FF3731ABBF6560010912F /* LibraryWebsite.m */ = {isa = PBXFileReference; fileEncoding = 4; lastKnownFileType = sourcecode.c.objc; path = LibraryWebsite.m; sourceTree = "<group>"; };
		079FF3751ABBF6670010912F /* LibraryWebsite.h */ = {isa = PBXFileReference; fileEncoding = 4; lastKnownFileType = sourcecode.c.h; path = LibraryWebsite.h; sourceTree = "<group>"; };
		079FF3761ABBFE1A0010912F /* LibraryHours.m */ = {isa = PBXFileReference; fileEncoding = 4; lastKnownFileType = sourcecode.c.objc; path = LibraryHours.m; sourceTree = "<group>"; };
		079FF3781ABBFE230010912F /* LibraryHours.h */ = {isa = PBXFileReference; fileEncoding = 4; lastKnownFileType = sourcecode.c.h; path = LibraryHours.h; sourceTree = "<group>"; };
		0F34D47A1ABCBFE500846A0C /* buslist.h */ = {isa = PBXFileReference; fileEncoding = 4; lastKnownFileType = sourcecode.c.h; path = buslist.h; sourceTree = "<group>"; };
		0F34D47B1ABCBFE500846A0C /* buslist.m */ = {isa = PBXFileReference; fileEncoding = 4; lastKnownFileType = sourcecode.c.objc; path = buslist.m; sourceTree = "<group>"; };
		0F34D47C1ABCBFE500846A0C /* SearchController.h */ = {isa = PBXFileReference; fileEncoding = 4; lastKnownFileType = sourcecode.c.h; path = SearchController.h; sourceTree = "<group>"; };
		0F34D47D1ABCBFE500846A0C /* SearchController.m */ = {isa = PBXFileReference; fileEncoding = 4; lastKnownFileType = sourcecode.c.objc; path = SearchController.m; sourceTree = "<group>"; };
		0F34D47E1ABCBFE500846A0C /* ViewController.h */ = {isa = PBXFileReference; fileEncoding = 4; lastKnownFileType = sourcecode.c.h; path = ViewController.h; sourceTree = "<group>"; };
		0F34D47F1ABCBFE500846A0C /* ViewController.m */ = {isa = PBXFileReference; fileEncoding = 4; lastKnownFileType = sourcecode.c.objc; path = ViewController.m; sourceTree = "<group>"; };
		0F34D4831ABD5D9300846A0C /* 135.png */ = {isa = PBXFileReference; lastKnownFileType = image.png; path = 135.png; sourceTree = "<group>"; };
		0F34D4841ABD5D9300846A0C /* 143.png */ = {isa = PBXFileReference; lastKnownFileType = image.png; path = 143.png; sourceTree = "<group>"; };
		0F34D4851ABD5D9300846A0C /* 144.png */ = {isa = PBXFileReference; lastKnownFileType = image.png; path = 144.png; sourceTree = "<group>"; };
		0F34D4861ABD5D9300846A0C /* 145.png */ = {isa = PBXFileReference; lastKnownFileType = image.png; path = 145.png; sourceTree = "<group>"; };
		0F7D97D61AB355C700681B5F /* background.png */ = {isa = PBXFileReference; lastKnownFileType = image.png; path = background.png; sourceTree = "<group>"; };
		0F7D97D81AB3560D00681B5F /* thumb-button.png */ = {isa = PBXFileReference; lastKnownFileType = image.png; path = "thumb-button.png"; sourceTree = "<group>"; };
		0F7D97DA1AB35B2200681B5F /* info-2.png */ = {isa = PBXFileReference; lastKnownFileType = image.png; path = "info-2.png"; sourceTree = "<group>"; };
		0F7D97DB1AB35B2200681B5F /* Login background.png */ = {isa = PBXFileReference; lastKnownFileType = image.png; path = "Login background.png"; sourceTree = "<group>"; };
		0FF7F2FF1AAA2F8F004CF1F6 /* arrow-down-01-128.png */ = {isa = PBXFileReference; lastKnownFileType = image.png; path = "arrow-down-01-128.png"; sourceTree = "<group>"; };
		0FF7F3001AAA2F8F004CF1F6 /* arrow-left-01-128.png */ = {isa = PBXFileReference; lastKnownFileType = image.png; path = "arrow-left-01-128.png"; sourceTree = "<group>"; };
		0FF7F3011AAA2F8F004CF1F6 /* arrow-up-01-128.png */ = {isa = PBXFileReference; lastKnownFileType = image.png; path = "arrow-up-01-128.png"; sourceTree = "<group>"; };
		0FF7F3021AAA2F8F004CF1F6 /* refresh-128.png */ = {isa = PBXFileReference; lastKnownFileType = image.png; path = "refresh-128.png"; sourceTree = "<group>"; };
		0FF7F3091AACF590004CF1F6 /* refresh.png */ = {isa = PBXFileReference; lastKnownFileType = image.png; path = refresh.png; sourceTree = "<group>"; };
		0FF7F3111AACF989004CF1F6 /* cancel.png */ = {isa = PBXFileReference; lastKnownFileType = image.png; path = cancel.png; sourceTree = "<group>"; };
		0FF7F3171AACFADA004CF1F6 /* forward.png */ = {isa = PBXFileReference; lastKnownFileType = image.png; path = forward.png; sourceTree = "<group>"; };
		0FF7F3181AACFADA004CF1F6 /* previous.png */ = {isa = PBXFileReference; lastKnownFileType = image.png; path = previous.png; sourceTree = "<group>"; };
		0FF7F31B1AACFE60004CF1F6 /* online.png */ = {isa = PBXFileReference; lastKnownFileType = image.png; path = online.png; sourceTree = "<group>"; };
		57F7E1861AAD72E300264795 /* wayfind.txt */ = {isa = PBXFileReference; fileEncoding = 4; lastKnownFileType = text; path = wayfind.txt; sourceTree = "<group>"; };
		CE1CD6EA1ABD3B7D0075FD1C /* CourseViewController.h */ = {isa = PBXFileReference; fileEncoding = 4; lastKnownFileType = sourcecode.c.h; path = CourseViewController.h; sourceTree = "<group>"; };
		CE1CD6EB1ABD3B7D0075FD1C /* CourseViewController.m */ = {isa = PBXFileReference; fileEncoding = 4; lastKnownFileType = sourcecode.c.objc; path = CourseViewController.m; sourceTree = "<group>"; };
		CE1CD6ED1ABD3BF40075FD1C /* CourseManager.h */ = {isa = PBXFileReference; fileEncoding = 4; lastKnownFileType = sourcecode.c.h; path = CourseManager.h; sourceTree = "<group>"; };
		CE1CD6EE1ABD3BF40075FD1C /* CourseManager.m */ = {isa = PBXFileReference; fileEncoding = 4; lastKnownFileType = sourcecode.c.objc; path = CourseManager.m; sourceTree = "<group>"; };
		CE2936291AAC508000E6011A /* logout.png */ = {isa = PBXFileReference; lastKnownFileType = image.png; path = logout.png; sourceTree = "<group>"; };
		CEC5AF591AAB34800068B400 /* LoginManager.h */ = {isa = PBXFileReference; fileEncoding = 4; lastKnownFileType = sourcecode.c.h; path = LoginManager.h; sourceTree = "<group>"; };
		CEC5AF5A1AAB34800068B400 /* LoginManager.m */ = {isa = PBXFileReference; fileEncoding = 4; lastKnownFileType = sourcecode.c.objc; path = LoginManager.m; sourceTree = "<group>"; };
		CEC5AF5B1AAB34800068B400 /* LoginViewController.h */ = {isa = PBXFileReference; fileEncoding = 4; lastKnownFileType = sourcecode.c.h; path = LoginViewController.h; sourceTree = "<group>"; };
		CEC5AF5C1AAB34800068B400 /* LoginViewController.m */ = {isa = PBXFileReference; fileEncoding = 4; lastKnownFileType = sourcecode.c.objc; path = LoginViewController.m; sourceTree = "<group>"; };
		ED40EB5E1AAD6636007B0494 /* cute-cat.jpg */ = {isa = PBXFileReference; lastKnownFileType = image.jpeg; name = "cute-cat.jpg"; path = "../cute-cat.jpg"; sourceTree = "<group>"; };
		EDD2DD581AAC55880045A485 /* iCarousel.h */ = {isa = PBXFileReference; fileEncoding = 4; lastKnownFileType = sourcecode.c.h; path = iCarousel.h; sourceTree = "<group>"; };
		EDD2DD591AAC55880045A485 /* iCarousel.m */ = {isa = PBXFileReference; fileEncoding = 4; lastKnownFileType = sourcecode.c.objc; path = iCarousel.m; sourceTree = "<group>"; };
		EDD2DD5E1AAC56010045A485 /* ViewController.h */ = {isa = PBXFileReference; fileEncoding = 4; lastKnownFileType = sourcecode.c.h; path = ViewController.h; sourceTree = "<group>"; };
		EDD2DD5F1AAC56010045A485 /* ViewController.m */ = {isa = PBXFileReference; fileEncoding = 4; lastKnownFileType = sourcecode.c.objc; path = ViewController.m; sourceTree = "<group>"; };
		EDD2DD611AAC58000045A485 /* Default-568h@2x.png */ = {isa = PBXFileReference; lastKnownFileType = image.png; name = "Default-568h@2x.png"; path = "../Default-568h@2x.png"; sourceTree = "<group>"; };
/* End PBXFileReference section */

/* Begin PBXFrameworksBuildPhase section */
		0741D8B61AA66E0200370808 /* Frameworks */ = {
			isa = PBXFrameworksBuildPhase;
			buildActionMask = 2147483647;
			files = (
				077C0CB51AA90C66000449D0 /* AVFoundation.framework in Frameworks */,
				077C0CB31AA90C5E000449D0 /* CoreData.framework in Frameworks */,
				077C0CB11AA90C55000449D0 /* CoreLocation.framework in Frameworks */,
				077C0CAF1AA90C4D000449D0 /* CoreText.framework in Frameworks */,
				077C0CAD1AA90C42000449D0 /* GLKit.framework in Frameworks */,
				077C0CAB1AA90C3B000449D0 /* ImageIO.framework in Frameworks */,
				077C0CA91AA90C32000449D0 /* libc++.dylib in Frameworks */,
				077C0CA71AA90C22000449D0 /* libicucore.dylib in Frameworks */,
				07655F191AA9135A003BB634 /* GoogleMaps.framework in Frameworks */,
				077C0CA51AA90C19000449D0 /* libz.dylib in Frameworks */,
				077C0CA31AA90C10000449D0 /* OpenGLES.framework in Frameworks */,
				077C0CA11AA90C06000449D0 /* QuartzCore.framework in Frameworks */,
				077C0C9F1AA90BFD000449D0 /* SystemConfiguration.framework in Frameworks */,
			);
			runOnlyForDeploymentPostprocessing = 0;
		};
		0741D8CF1AA66E0200370808 /* Frameworks */ = {
			isa = PBXFrameworksBuildPhase;
			buildActionMask = 2147483647;
			files = (
			);
			runOnlyForDeploymentPostprocessing = 0;
		};
/* End PBXFrameworksBuildPhase section */

/* Begin PBXGroup section */
		0721261F1AABF7520036CEFA /* Map */ = {
			isa = PBXGroup;
			children = (
				0741D8C31AA66E0200370808 /* MapViewController.h */,
				0741D8C41AA66E0200370808 /* MapViewController.m */,
			);
			name = Map;
			sourceTree = "<group>";
		};
		072126241AAC06F70036CEFA /* Academic Services */ = {
			isa = PBXGroup;
			children = (
				0721261D1AABF7400036CEFA /* OnlineServices.m */,
				072126201AABF7760036CEFA /* OnlineServices.h */,
				072126211AABFAC70036CEFA /* WebViewScreen.m */,
				072126231AABFAD60036CEFA /* WebViewScreen.h */,
				CE1CD6EA1ABD3B7D0075FD1C /* CourseViewController.h */,
				CE1CD6EB1ABD3B7D0075FD1C /* CourseViewController.m */,
				CE1CD6ED1ABD3BF40075FD1C /* CourseManager.h */,
				CE1CD6EE1ABD3BF40075FD1C /* CourseManager.m */,
			);
			name = "Academic Services";
			sourceTree = "<group>";
		};
		07329FEB1ABBC93A0069B235 /* Ancillary Services */ = {
			isa = PBXGroup;
			children = (
				07329FE81ABBC9200069B235 /* AncillaryServicesHomePage.m */,
				07329FEA1ABBC9350069B235 /* AncillaryServicesHomePage.h */,
				07329FEF1ABBCD0F0069B235 /* Library */,
			);
			name = "Ancillary Services";
			sourceTree = "<group>";
		};
		07329FEF1ABBCD0F0069B235 /* Library */ = {
			isa = PBXGroup;
			children = (
				07329FEC1ABBCCFD0069B235 /* LibraryHomePage.m */,
				07329FEE1ABBCD070069B235 /* LibraryHomePage.h */,
				079FF3701ABBD57B0010912F /* AvailableLaptop.m */,
				079FF3721ABBD5840010912F /* AvailableLaptop.h */,
				079FF3731ABBF6560010912F /* LibraryWebsite.m */,
				079FF3751ABBF6670010912F /* LibraryWebsite.h */,
				079FF3761ABBFE1A0010912F /* LibraryHours.m */,
				079FF3781ABBFE230010912F /* LibraryHours.h */,
			);
			name = Library;
			sourceTree = "<group>";
		};
		0741D8B01AA66E0200370808 = {
			isa = PBXGroup;
			children = (
				077C0CB61AA90C81000449D0 /* Frameworks */,
				0741D8BB1AA66E0200370808 /* SFUPA */,
				0741D8D51AA66E0200370808 /* SFUPATests */,
				0741D8BA1AA66E0200370808 /* Products */,
			);
			sourceTree = "<group>";
		};
		0741D8BA1AA66E0200370808 /* Products */ = {
			isa = PBXGroup;
			children = (
				0741D8B91AA66E0200370808 /* SFUPA.app */,
				0741D8D21AA66E0200370808 /* SFUPATests.xctest */,
			);
			name = Products;
			sourceTree = "<group>";
		};
		0741D8BB1AA66E0200370808 /* SFUPA */ = {
			isa = PBXGroup;
			children = (
				0F34D4791ABCBFE500846A0C /* Translink */,
				EDD2DD571AAC55880045A485 /* iCarousel */,
				072126241AAC06F70036CEFA /* Academic Services */,
				0721261F1AABF7520036CEFA /* Map */,
				CEC5AF581AAB34800068B400 /* Login */,
				07329FEB1ABBC93A0069B235 /* Ancillary Services */,
				0741D8C01AA66E0200370808 /* AppDelegate.h */,
				0741D8C11AA66E0200370808 /* AppDelegate.m */,
				0741D8C61AA66E0200370808 /* Main.storyboard */,
				EDD2DD5E1AAC56010045A485 /* ViewController.h */,
				EDD2DD5F1AAC56010045A485 /* ViewController.m */,
				0741D8C91AA66E0200370808 /* Images.xcassets */,
				0741D8CB1AA66E0200370808 /* LaunchScreen.xib */,
				0741D8BC1AA66E0200370808 /* Supporting Files */,
			);
			path = SFUPA;
			sourceTree = "<group>";
		};
		0741D8BC1AA66E0200370808 /* Supporting Files */ = {
			isa = PBXGroup;
			children = (
				57F7E1861AAD72E300264795 /* wayfind.txt */,
				07655F1E1AA92C64003BB634 /* AQ.txt */,
				077C0C8B1AA9088E000449D0 /* Images */,
				0741D8BD1AA66E0200370808 /* Info.plist */,
				0741D8BE1AA66E0200370808 /* main.m */,
			);
			name = "Supporting Files";
			sourceTree = "<group>";
		};
		0741D8D51AA66E0200370808 /* SFUPATests */ = {
			isa = PBXGroup;
			children = (
				0741D8D81AA66E0200370808 /* SFUPATests.m */,
				0741D8D61AA66E0200370808 /* Supporting Files */,
			);
			path = SFUPATests;
			sourceTree = "<group>";
		};
		0741D8D61AA66E0200370808 /* Supporting Files */ = {
			isa = PBXGroup;
			children = (
				0741D8D71AA66E0200370808 /* Info.plist */,
			);
			name = "Supporting Files";
			sourceTree = "<group>";
		};
		077C0C8B1AA9088E000449D0 /* Images */ = {
			isa = PBXGroup;
			children = (
				0F34D4831ABD5D9300846A0C /* 135.png */,
				0F34D4841ABD5D9300846A0C /* 143.png */,
				0F34D4851ABD5D9300846A0C /* 144.png */,
				0F34D4861ABD5D9300846A0C /* 145.png */,
				0F7D97DA1AB35B2200681B5F /* info-2.png */,
				0F7D97DB1AB35B2200681B5F /* Login background.png */,
				0F7D97D81AB3560D00681B5F /* thumb-button.png */,
				0F7D97D61AB355C700681B5F /* background.png */,
				EDD2DD611AAC58000045A485 /* Default-568h@2x.png */,
				ED40EB5E1AAD6636007B0494 /* cute-cat.jpg */,
				0FF7F31B1AACFE60004CF1F6 /* online.png */,
				0FF7F3171AACFADA004CF1F6 /* forward.png */,
				0FF7F3181AACFADA004CF1F6 /* previous.png */,
				0FF7F3111AACF989004CF1F6 /* cancel.png */,
				0FF7F3091AACF590004CF1F6 /* refresh.png */,
				CE2936291AAC508000E6011A /* logout.png */,
				0FF7F2FF1AAA2F8F004CF1F6 /* arrow-down-01-128.png */,
				0FF7F3001AAA2F8F004CF1F6 /* arrow-left-01-128.png */,
				0FF7F3011AAA2F8F004CF1F6 /* arrow-up-01-128.png */,
				0FF7F3021AAA2F8F004CF1F6 /* refresh-128.png */,
				07655F1C1AA91B36003BB634 /* ic_refresh_48px-128.png */,
				077C0C8C1AA9088E000449D0 /* acadamic service icon.jpg */,
				077C0C8D1AA9088E000449D0 /* ancillary icon.jpg */,
				077C0C8E1AA9088E000449D0 /* campus information icon.jpg */,
				077C0C8F1AA9088E000449D0 /* information button.png */,
				077C0C901AA9088E000449D0 /* map icon.jpg */,
				077C0C911AA9088E000449D0 /* news icon.jpg */,
				077C0C921AA9088E000449D0 /* transit icon.jpg */,
			);
			path = Images;
			sourceTree = "<group>";
		};
		077C0CB61AA90C81000449D0 /* Frameworks */ = {
			isa = PBXGroup;
			children = (
				07655F1A1AA91430003BB634 /* GoogleMaps.bundle */,
				07655F181AA9135A003BB634 /* GoogleMaps.framework */,
				077C0CB41AA90C66000449D0 /* AVFoundation.framework */,
				077C0CB21AA90C5E000449D0 /* CoreData.framework */,
				077C0CB01AA90C55000449D0 /* CoreLocation.framework */,
				077C0CAE1AA90C4D000449D0 /* CoreText.framework */,
				077C0CAC1AA90C42000449D0 /* GLKit.framework */,
				077C0CAA1AA90C3B000449D0 /* ImageIO.framework */,
				077C0CA81AA90C32000449D0 /* libc++.dylib */,
				077C0CA61AA90C22000449D0 /* libicucore.dylib */,
				077C0CA41AA90C19000449D0 /* libz.dylib */,
				077C0CA21AA90C10000449D0 /* OpenGLES.framework */,
				077C0CA01AA90C06000449D0 /* QuartzCore.framework */,
				077C0C9E1AA90BFD000449D0 /* SystemConfiguration.framework */,
			);
			name = Frameworks;
			sourceTree = "<group>";
		};
		0F34D4791ABCBFE500846A0C /* Translink */ = {
			isa = PBXGroup;
			children = (
				0F34D47A1ABCBFE500846A0C /* buslist.h */,
				0F34D47B1ABCBFE500846A0C /* buslist.m */,
				0F34D47C1ABCBFE500846A0C /* SearchController.h */,
				0F34D47D1ABCBFE500846A0C /* SearchController.m */,
				0F34D47E1ABCBFE500846A0C /* ViewController.h */,
				0F34D47F1ABCBFE500846A0C /* ViewController.m */,
			);
			path = Translink;
			sourceTree = "<group>";
		};
		CEC5AF581AAB34800068B400 /* Login */ = {
			isa = PBXGroup;
			children = (
				CEC5AF591AAB34800068B400 /* LoginManager.h */,
				CEC5AF5A1AAB34800068B400 /* LoginManager.m */,
				CEC5AF5B1AAB34800068B400 /* LoginViewController.h */,
				CEC5AF5C1AAB34800068B400 /* LoginViewController.m */,
			);
			name = Login;
			path = login;
			sourceTree = "<group>";
		};
		EDD2DD571AAC55880045A485 /* iCarousel */ = {
			isa = PBXGroup;
			children = (
				EDD2DD581AAC55880045A485 /* iCarousel.h */,
				EDD2DD591AAC55880045A485 /* iCarousel.m */,
			);
			path = iCarousel;
			sourceTree = "<group>";
		};
/* End PBXGroup section */

/* Begin PBXNativeTarget section */
		0741D8B81AA66E0200370808 /* SFUPA */ = {
			isa = PBXNativeTarget;
			buildConfigurationList = 0741D8DC1AA66E0200370808 /* Build configuration list for PBXNativeTarget "SFUPA" */;
			buildPhases = (
				0741D8B51AA66E0200370808 /* Sources */,
				0741D8B61AA66E0200370808 /* Frameworks */,
				0741D8B71AA66E0200370808 /* Resources */,
			);
			buildRules = (
			);
			dependencies = (
			);
			name = SFUPA;
			productName = SFUPA;
			productReference = 0741D8B91AA66E0200370808 /* SFUPA.app */;
			productType = "com.apple.product-type.application";
		};
		0741D8D11AA66E0200370808 /* SFUPATests */ = {
			isa = PBXNativeTarget;
			buildConfigurationList = 0741D8DF1AA66E0200370808 /* Build configuration list for PBXNativeTarget "SFUPATests" */;
			buildPhases = (
				0741D8CE1AA66E0200370808 /* Sources */,
				0741D8CF1AA66E0200370808 /* Frameworks */,
				0741D8D01AA66E0200370808 /* Resources */,
			);
			buildRules = (
			);
			dependencies = (
				0741D8D41AA66E0200370808 /* PBXTargetDependency */,
			);
			name = SFUPATests;
			productName = SFUPATests;
			productReference = 0741D8D21AA66E0200370808 /* SFUPATests.xctest */;
			productType = "com.apple.product-type.bundle.unit-test";
		};
/* End PBXNativeTarget section */

/* Begin PBXProject section */
		0741D8B11AA66E0200370808 /* Project object */ = {
			isa = PBXProject;
			attributes = {
				LastUpgradeCheck = 0610;
				ORGANIZATIONNAME = 7thHeaven;
				TargetAttributes = {
					0741D8B81AA66E0200370808 = {
						CreatedOnToolsVersion = 6.1.1;
					};
					0741D8D11AA66E0200370808 = {
						CreatedOnToolsVersion = 6.1.1;
						TestTargetID = 0741D8B81AA66E0200370808;
					};
				};
			};
			buildConfigurationList = 0741D8B41AA66E0200370808 /* Build configuration list for PBXProject "SFUPA" */;
			compatibilityVersion = "Xcode 3.2";
			developmentRegion = English;
			hasScannedForEncodings = 0;
			knownRegions = (
				en,
				Base,
			);
			mainGroup = 0741D8B01AA66E0200370808;
			productRefGroup = 0741D8BA1AA66E0200370808 /* Products */;
			projectDirPath = "";
			projectRoot = "";
			targets = (
				0741D8B81AA66E0200370808 /* SFUPA */,
				0741D8D11AA66E0200370808 /* SFUPATests */,
			);
		};
/* End PBXProject section */

/* Begin PBXResourcesBuildPhase section */
		0741D8B71AA66E0200370808 /* Resources */ = {
			isa = PBXResourcesBuildPhase;
			buildActionMask = 2147483647;
			files = (
				07655F1F1AA92C64003BB634 /* AQ.txt in Resources */,
				0F7D97D71AB355C700681B5F /* background.png in Resources */,
				0FF7F3041AAA2F8F004CF1F6 /* arrow-left-01-128.png in Resources */,
				0F34D4891ABD5D9300846A0C /* 144.png in Resources */,
				0F34D4871ABD5D9300846A0C /* 135.png in Resources */,
				0741D8C81AA66E0200370808 /* Main.storyboard in Resources */,
				0FF7F3141AACF989004CF1F6 /* cancel.png in Resources */,
				0FF7F31A1AACFADA004CF1F6 /* previous.png in Resources */,
				0F34D48A1ABD5D9300846A0C /* 145.png in Resources */,
				07655F1B1AA91430003BB634 /* GoogleMaps.bundle in Resources */,
				077C0C991AA9088E000449D0 /* transit icon.jpg in Resources */,
				0F7D97DC1AB35B2200681B5F /* info-2.png in Resources */,
				EDD2DD621AAC58000045A485 /* Default-568h@2x.png in Resources */,
				07655F1D1AA91B36003BB634 /* ic_refresh_48px-128.png in Resources */,
				077C0C931AA9088E000449D0 /* acadamic service icon.jpg in Resources */,
				0FF7F3031AAA2F8F004CF1F6 /* arrow-down-01-128.png in Resources */,
				077C0C971AA9088E000449D0 /* map icon.jpg in Resources */,
				077C0C951AA9088E000449D0 /* campus information icon.jpg in Resources */,
				0F7D97DD1AB35B2200681B5F /* Login background.png in Resources */,
				077C0C941AA9088E000449D0 /* ancillary icon.jpg in Resources */,
				0F34D4881ABD5D9300846A0C /* 143.png in Resources */,
				CE29362A1AAC508000E6011A /* logout.png in Resources */,
				077C0C981AA9088E000449D0 /* news icon.jpg in Resources */,
				0FF7F3061AAA2F8F004CF1F6 /* refresh-128.png in Resources */,
				0F7D97D91AB3560D00681B5F /* thumb-button.png in Resources */,
				57F7E1871AAD72E300264795 /* wayfind.txt in Resources */,
				0FF7F3051AAA2F8F004CF1F6 /* arrow-up-01-128.png in Resources */,
				ED40EB5F1AAD6636007B0494 /* cute-cat.jpg in Resources */,
				0741D8CD1AA66E0200370808 /* LaunchScreen.xib in Resources */,
				077C0C961AA9088E000449D0 /* information button.png in Resources */,
				0741D8CA1AA66E0200370808 /* Images.xcassets in Resources */,
				0FF7F30A1AACF590004CF1F6 /* refresh.png in Resources */,
				0FF7F3191AACFADA004CF1F6 /* forward.png in Resources */,
				0FF7F31C1AACFE60004CF1F6 /* online.png in Resources */,
			);
			runOnlyForDeploymentPostprocessing = 0;
		};
		0741D8D01AA66E0200370808 /* Resources */ = {
			isa = PBXResourcesBuildPhase;
			buildActionMask = 2147483647;
			files = (
			);
			runOnlyForDeploymentPostprocessing = 0;
		};
/* End PBXResourcesBuildPhase section */

/* Begin PBXSourcesBuildPhase section */
		0741D8B51AA66E0200370808 /* Sources */ = {
			isa = PBXSourcesBuildPhase;
			buildActionMask = 2147483647;
			files = (
				0F34D4821ABCBFE500846A0C /* ViewController.m in Sources */,
				CE278B3A1AAC6D2A00B62E83 /* ViewController.m in Sources */,
				079FF3771ABBFE1A0010912F /* LibraryHours.m in Sources */,
				079FF3711ABBD57B0010912F /* AvailableLaptop.m in Sources */,
				0721261E1AABF7400036CEFA /* OnlineServices.m in Sources */,
				072126221AABFAC70036CEFA /* WebViewScreen.m in Sources */,
				0741D8C51AA66E0200370808 /* MapViewController.m in Sources */,
				CE1CD6EF1ABD3BF40075FD1C /* CourseManager.m in Sources */,
				07329FED1ABBCCFD0069B235 /* LibraryHomePage.m in Sources */,
				0F34D4811ABCBFE500846A0C /* SearchController.m in Sources */,
				079FF3741ABBF6560010912F /* LibraryWebsite.m in Sources */,
				CEC5AF5D1AAB34800068B400 /* LoginManager.m in Sources */,
				CE1CD6EC1ABD3B7D0075FD1C /* CourseViewController.m in Sources */,
				0741D8C21AA66E0200370808 /* AppDelegate.m in Sources */,
				EDD2DD5A1AAC55880045A485 /* iCarousel.m in Sources */,
				0F34D4801ABCBFE500846A0C /* buslist.m in Sources */,
				0741D8BF1AA66E0200370808 /* main.m in Sources */,
				CEC5AF5E1AAB34800068B400 /* LoginViewController.m in Sources */,
				07329FE91ABBC9200069B235 /* AncillaryServicesHomePage.m in Sources */,
			);
			runOnlyForDeploymentPostprocessing = 0;
		};
		0741D8CE1AA66E0200370808 /* Sources */ = {
			isa = PBXSourcesBuildPhase;
			buildActionMask = 2147483647;
			files = (
				0741D8D91AA66E0200370808 /* SFUPATests.m in Sources */,
			);
			runOnlyForDeploymentPostprocessing = 0;
		};
/* End PBXSourcesBuildPhase section */

/* Begin PBXTargetDependency section */
		0741D8D41AA66E0200370808 /* PBXTargetDependency */ = {
			isa = PBXTargetDependency;
			target = 0741D8B81AA66E0200370808 /* SFUPA */;
			targetProxy = 0741D8D31AA66E0200370808 /* PBXContainerItemProxy */;
		};
/* End PBXTargetDependency section */

/* Begin PBXVariantGroup section */
		0741D8C61AA66E0200370808 /* Main.storyboard */ = {
			isa = PBXVariantGroup;
			children = (
				0741D8C71AA66E0200370808 /* Base */,
			);
			name = Main.storyboard;
			sourceTree = "<group>";
		};
		0741D8CB1AA66E0200370808 /* LaunchScreen.xib */ = {
			isa = PBXVariantGroup;
			children = (
				0741D8CC1AA66E0200370808 /* Base */,
			);
			name = LaunchScreen.xib;
			sourceTree = "<group>";
		};
/* End PBXVariantGroup section */

/* Begin XCBuildConfiguration section */
		0741D8DA1AA66E0200370808 /* Debug */ = {
			isa = XCBuildConfiguration;
			buildSettings = {
				ALWAYS_SEARCH_USER_PATHS = NO;
				CLANG_CXX_LANGUAGE_STANDARD = "gnu++0x";
				CLANG_CXX_LIBRARY = "libc++";
				CLANG_ENABLE_MODULES = YES;
				CLANG_ENABLE_OBJC_ARC = YES;
				CLANG_WARN_BOOL_CONVERSION = YES;
				CLANG_WARN_CONSTANT_CONVERSION = YES;
				CLANG_WARN_DIRECT_OBJC_ISA_USAGE = YES_ERROR;
				CLANG_WARN_EMPTY_BODY = YES;
				CLANG_WARN_ENUM_CONVERSION = YES;
				CLANG_WARN_INT_CONVERSION = YES;
				CLANG_WARN_OBJC_ROOT_CLASS = YES_ERROR;
				CLANG_WARN_UNREACHABLE_CODE = YES;
				CLANG_WARN__DUPLICATE_METHOD_MATCH = YES;
				"CODE_SIGN_IDENTITY[sdk=iphoneos*]" = "iPhone Developer";
				COPY_PHASE_STRIP = NO;
				ENABLE_STRICT_OBJC_MSGSEND = YES;
				GCC_C_LANGUAGE_STANDARD = gnu99;
				GCC_DYNAMIC_NO_PIC = NO;
				GCC_OPTIMIZATION_LEVEL = 0;
				GCC_PREPROCESSOR_DEFINITIONS = (
					"DEBUG=1",
					"$(inherited)",
				);
				GCC_SYMBOLS_PRIVATE_EXTERN = NO;
				GCC_WARN_64_TO_32_BIT_CONVERSION = YES;
				GCC_WARN_ABOUT_RETURN_TYPE = YES_ERROR;
				GCC_WARN_UNDECLARED_SELECTOR = YES;
				GCC_WARN_UNINITIALIZED_AUTOS = YES_AGGRESSIVE;
				GCC_WARN_UNUSED_FUNCTION = YES;
				GCC_WARN_UNUSED_VARIABLE = YES;
				IPHONEOS_DEPLOYMENT_TARGET = 8.1;
				MTL_ENABLE_DEBUG_INFO = YES;
				ONLY_ACTIVE_ARCH = YES;
				"OTHER_LDFLAGS[arch=*]" = "-ObjC";
				SDKROOT = iphoneos;
				TARGETED_DEVICE_FAMILY = "1,2";
			};
			name = Debug;
		};
		0741D8DB1AA66E0200370808 /* Release */ = {
			isa = XCBuildConfiguration;
			buildSettings = {
				ALWAYS_SEARCH_USER_PATHS = NO;
				CLANG_CXX_LANGUAGE_STANDARD = "gnu++0x";
				CLANG_CXX_LIBRARY = "libc++";
				CLANG_ENABLE_MODULES = YES;
				CLANG_ENABLE_OBJC_ARC = YES;
				CLANG_WARN_BOOL_CONVERSION = YES;
				CLANG_WARN_CONSTANT_CONVERSION = YES;
				CLANG_WARN_DIRECT_OBJC_ISA_USAGE = YES_ERROR;
				CLANG_WARN_EMPTY_BODY = YES;
				CLANG_WARN_ENUM_CONVERSION = YES;
				CLANG_WARN_INT_CONVERSION = YES;
				CLANG_WARN_OBJC_ROOT_CLASS = YES_ERROR;
				CLANG_WARN_UNREACHABLE_CODE = YES;
				CLANG_WARN__DUPLICATE_METHOD_MATCH = YES;
				"CODE_SIGN_IDENTITY[sdk=iphoneos*]" = "iPhone Developer";
				COPY_PHASE_STRIP = YES;
				ENABLE_NS_ASSERTIONS = NO;
				ENABLE_STRICT_OBJC_MSGSEND = YES;
				GCC_C_LANGUAGE_STANDARD = gnu99;
				GCC_WARN_64_TO_32_BIT_CONVERSION = YES;
				GCC_WARN_ABOUT_RETURN_TYPE = YES_ERROR;
				GCC_WARN_UNDECLARED_SELECTOR = YES;
				GCC_WARN_UNINITIALIZED_AUTOS = YES_AGGRESSIVE;
				GCC_WARN_UNUSED_FUNCTION = YES;
				GCC_WARN_UNUSED_VARIABLE = YES;
				IPHONEOS_DEPLOYMENT_TARGET = 8.1;
				MTL_ENABLE_DEBUG_INFO = NO;
				SDKROOT = iphoneos;
				TARGETED_DEVICE_FAMILY = "1,2";
				VALIDATE_PRODUCT = YES;
			};
			name = Release;
		};
		0741D8DD1AA66E0200370808 /* Debug */ = {
			isa = XCBuildConfiguration;
			buildSettings = {
				ASSETCATALOG_COMPILER_APPICON_NAME = AppIcon;
				FRAMEWORK_SEARCH_PATHS = (
					"$(inherited)",
					/Users/Aman/Downloads/mav,
					"map/map-2",
					"$(PROJECT_DIR)",
				);
				INFOPLIST_FILE = SFUPA/Info.plist;
				LD_RUNPATH_SEARCH_PATHS = "$(inherited) @executable_path/Frameworks";
				PRODUCT_NAME = "$(TARGET_NAME)";
			};
			name = Debug;
		};
		0741D8DE1AA66E0200370808 /* Release */ = {
			isa = XCBuildConfiguration;
			buildSettings = {
				ASSETCATALOG_COMPILER_APPICON_NAME = AppIcon;
				FRAMEWORK_SEARCH_PATHS = (
					"$(inherited)",
					/Users/Aman/Downloads/mav,
					"map/map-2",
					"$(PROJECT_DIR)",
				);
				INFOPLIST_FILE = SFUPA/Info.plist;
				LD_RUNPATH_SEARCH_PATHS = "$(inherited) @executable_path/Frameworks";
				PRODUCT_NAME = "$(TARGET_NAME)";
			};
			name = Release;
		};
		0741D8E01AA66E0200370808 /* Debug */ = {
			isa = XCBuildConfiguration;
			buildSettings = {
				BUNDLE_LOADER = "$(TEST_HOST)";
				FRAMEWORK_SEARCH_PATHS = (
					"$(SDKROOT)/Developer/Library/Frameworks",
					"$(inherited)",
				);
				GCC_PREPROCESSOR_DEFINITIONS = (
					"DEBUG=1",
					"$(inherited)",
				);
				INFOPLIST_FILE = SFUPATests/Info.plist;
				LD_RUNPATH_SEARCH_PATHS = "$(inherited) @executable_path/Frameworks @loader_path/Frameworks";
				PRODUCT_NAME = "$(TARGET_NAME)";
				TEST_HOST = "$(BUILT_PRODUCTS_DIR)/SFUPA.app/SFUPA";
			};
			name = Debug;
		};
		0741D8E11AA66E0200370808 /* Release */ = {
			isa = XCBuildConfiguration;
			buildSettings = {
				BUNDLE_LOADER = "$(TEST_HOST)";
				FRAMEWORK_SEARCH_PATHS = (
					"$(SDKROOT)/Developer/Library/Frameworks",
					"$(inherited)",
				);
				INFOPLIST_FILE = SFUPATests/Info.plist;
				LD_RUNPATH_SEARCH_PATHS = "$(inherited) @executable_path/Frameworks @loader_path/Frameworks";
				PRODUCT_NAME = "$(TARGET_NAME)";
				TEST_HOST = "$(BUILT_PRODUCTS_DIR)/SFUPA.app/SFUPA";
			};
			name = Release;
		};
/* End XCBuildConfiguration section */

/* Begin XCConfigurationList section */
		0741D8B41AA66E0200370808 /* Build configuration list for PBXProject "SFUPA" */ = {
			isa = XCConfigurationList;
			buildConfigurations = (
				0741D8DA1AA66E0200370808 /* Debug */,
				0741D8DB1AA66E0200370808 /* Release */,
			);
			defaultConfigurationIsVisible = 0;
			defaultConfigurationName = Release;
		};
		0741D8DC1AA66E0200370808 /* Build configuration list for PBXNativeTarget "SFUPA" */ = {
			isa = XCConfigurationList;
			buildConfigurations = (
				0741D8DD1AA66E0200370808 /* Debug */,
				0741D8DE1AA66E0200370808 /* Release */,
			);
			defaultConfigurationIsVisible = 0;
			defaultConfigurationName = Release;
		};
		0741D8DF1AA66E0200370808 /* Build configuration list for PBXNativeTarget "SFUPATests" */ = {
			isa = XCConfigurationList;
			buildConfigurations = (
				0741D8E01AA66E0200370808 /* Debug */,
				0741D8E11AA66E0200370808 /* Release */,
			);
			defaultConfigurationIsVisible = 0;
			defaultConfigurationName = Release;
		};
/* End XCConfigurationList section */
	};
	rootObject = 0741D8B11AA66E0200370808 /* Project object */;
}
